
Microsoft Visual Studio Solution File, Format Version 12.00
# Visual Studio Version 16
VisualStudioVersion = 16.0.31112.23
MinimumVisualStudioVersion = 10.0.40219.1
Project("{9A19103F-16F7-4668-BE54-9A1E7A4F7556}") = "Web_ClinicERD", "ClincERD\Web_ClinicERD.csproj", "{075311FE-F6CC-4EA9-8458-D5FF6427D17D}"
EndProject
Project("{9A19103F-16F7-4668-BE54-9A1E7A4F7556}") = "Domain", "Domain\Domain.csproj", "{AFF08E78-56D8-4B21-B61B-1A470857DABF}"
EndProject
Project("{9A19103F-16F7-4668-BE54-9A1E7A4F7556}") = "Business", "Business\Business.csproj", "{C4D0B28D-B4F3-413B-A3AB-23FF4574C0ED}"
EndProject
Project("{9A19103F-16F7-4668-BE54-9A1E7A4F7556}") = "Common", "Common\Common.csproj", "{D3B4B6CA-2242-4566-9A2E-7ACFEE330083}"
EndProject
Project("{FAE04EC0-301F-11D3-BF4B-00C04F79EFBC}") = "MVC_Clinic", "MVC_Clinic\MVC_Clinic.csproj", "{E306E80A-6283-40B7-BB1D-19F9A4F9AF7E}"
EndProject
Global
	GlobalSection(SolutionConfigurationPlatforms) = preSolution
		Debug|Any CPU = Debug|Any CPU
		Release|Any CPU = Release|Any CPU
	EndGlobalSection
	GlobalSection(ProjectConfigurationPlatforms) = postSolution
		{075311FE-F6CC-4EA9-8458-D5FF6427D17D}.Debug|Any CPU.ActiveCfg = Debug|Any CPU
		{075311FE-F6CC-4EA9-8458-D5FF6427D17D}.Debug|Any CPU.Build.0 = Debug|Any CPU
		{075311FE-F6CC-4EA9-8458-D5FF6427D17D}.Release|Any CPU.ActiveCfg = Release|Any CPU
		{075311FE-F6CC-4EA9-8458-D5FF6427D17D}.Release|Any CPU.Build.0 = Release|Any CPU
		{AFF08E78-56D8-4B21-B61B-1A470857DABF}.Debug|Any CPU.ActiveCfg = Debug|Any CPU
		{AFF08E78-56D8-4B21-B61B-1A470857DABF}.Debug|Any CPU.Build.0 = Debug|Any CPU
		{AFF08E78-56D8-4B21-B61B-1A470857DABF}.Release|Any CPU.ActiveCfg = Release|Any CPU
		{AFF08E78-56D8-4B21-B61B-1A470857DABF}.Release|Any CPU.Build.0 = Release|Any CPU
		{C4D0B28D-B4F3-413B-A3AB-23FF4574C0ED}.Debug|Any CPU.ActiveCfg = Debug|Any CPU
		{C4D0B28D-B4F3-413B-A3AB-23FF4574C0ED}.Debug|Any CPU.Build.0 = Debug|Any CPU
		{C4D0B28D-B4F3-413B-A3AB-23FF4574C0ED}.Release|Any CPU.ActiveCfg = Release|Any CPU
		{C4D0B28D-B4F3-413B-A3AB-23FF4574C0ED}.Release|Any CPU.Build.0 = Release|Any CPU
		{D3B4B6CA-2242-4566-9A2E-7ACFEE330083}.Debug|Any CPU.ActiveCfg = Debug|Any CPU
		{D3B4B6CA-2242-4566-9A2E-7ACFEE330083}.Debug|Any CPU.Build.0 = Debug|Any CPU
		{D3B4B6CA-2242-4566-9A2E-7ACFEE330083}.Release|Any CPU.ActiveCfg = Release|Any CPU
		{D3B4B6CA-2242-4566-9A2E-7ACFEE330083}.Release|Any CPU.Build.0 = Release|Any CPU
		{E306E80A-6283-40B7-BB1D-19F9A4F9AF7E}.Debug|Any CPU.ActiveCfg = Debug|Any CPU
		{E306E80A-6283-40B7-BB1D-19F9A4F9AF7E}.Debug|Any CPU.Build.0 = Debug|Any CPU
		{E306E80A-6283-40B7-BB1D-19F9A4F9AF7E}.Release|Any CPU.ActiveCfg = Release|Any CPU
		{E306E80A-6283-40B7-BB1D-19F9A4F9AF7E}.Release|Any CPU.Build.0 = Release|Any CPU
	EndGlobalSection
	GlobalSection(SolutionProperties) = preSolution
		HideSolutionNode = FALSE
	EndGlobalSection
	GlobalSection(ExtensibilityGlobals) = postSolution
		SolutionGuid = {C2F56DA0-3B30-4E3E-A339-D00D6704C180}
	EndGlobalSection
EndGlobal
